Microsoft Visual Studio Solution File, Format Version 11.00
# Visual Studio 2010
Project("{8BC9CEB8-8B4A-11D0-8D11-00A0C91BC942}") = "LauncherRussian", "LauncherRus.vcxproj", "{FC048446-C2CF-4B34-94D2-C666F2ACC39E}"
EndProject
Global
	GlobalSection(SolutionConfigurationPlatforms) = preSolution
		Release|Win32 = Release|Win32
	EndGlobalSection
	GlobalSection(ProjectConfigurationPlatforms) = postSolution
		{FC048446-C2CF-4B34-94D2-C666F2ACC39E}.Release|Win32.ActiveCfg = Release|Win32
		{FC048446-C2CF-4B34-94D2-C666F2ACC39E}.Release|Win32.Build.0 = Release|Win32
	EndGlobalSection
	GlobalSection(SolutionProperties) = preSolution
		HideSolutionNode = FALSE
	EndGlobalSection
	GlobalSection(ExtensibilityGlobals) = postSolution
		SolutionGuid = {9E8853E9-A3C9-4024-A587-96868FD049CF}
	EndGlobalSection
EndGlobal
