Microsoft Visual Studio Solution File, Format Version 11.00
# Visual Studio 2010
Project("{8BC9CEB8-8B4A-11D0-8D11-00A0C91BC942}") = "LevelEditor", "LevelEditor\LevelEditor.vcxproj", "{34680B5E-37BF-435F-AA34-53D1F109603F}"
EndProject
Project("{8BC9CEB8-8B4A-11D0-8D11-00A0C91BC942}") = "ParticleEditor", "ParticleEditor\ParticleEditor.vcxproj", "{8432266D-363B-468F-9E2A-2A41F4E1DAB6}"
EndProject
Project("{8BC9CEB8-8B4A-11D0-8D11-00A0C91BC942}") = "MaterialEditor", "MaterialEditor\MaterialEditor.vcxproj", "{13C96A71-88FF-4153-BD50-CCBDB12C6EDC}"
EndProject
Project("{8BC9CEB8-8B4A-11D0-8D11-00A0C91BC942}") = "ModelEditor", "ModelEditor\ModelEditor.vcxproj", "{A83CE5B7-6A4B-4640-B600-3D31A7D8F739}"
EndProject
Global
	GlobalSection(SolutionConfigurationPlatforms) = preSolution
		Debug|Win32 = Debug|Win32
		Release|Win32 = Release|Win32
	EndGlobalSection
	GlobalSection(ProjectConfigurationPlatforms) = postSolution
		{34680B5E-37BF-435F-AA34-53D1F109603F}.Debug|Win32.ActiveCfg = Debug|Win32
		{34680B5E-37BF-435F-AA34-53D1F109603F}.Debug|Win32.Build.0 = Debug|Win32
		{34680B5E-37BF-435F-AA34-53D1F109603F}.Release|Win32.ActiveCfg = Release|Win32
		{34680B5E-37BF-435F-AA34-53D1F109603F}.Release|Win32.Build.0 = Release|Win32
		{8432266D-363B-468F-9E2A-2A41F4E1DAB6}.Debug|Win32.ActiveCfg = Debug|Win32
		{8432266D-363B-468F-9E2A-2A41F4E1DAB6}.Release|Win32.ActiveCfg = Release|Win32
		{8432266D-363B-468F-9E2A-2A41F4E1DAB6}.Release|Win32.Build.0 = Release|Win32
		{13C96A71-88FF-4153-BD50-CCBDB12C6EDC}.Debug|Win32.ActiveCfg = Debug|Win32
		{13C96A71-88FF-4153-BD50-CCBDB12C6EDC}.Release|Win32.ActiveCfg = Release|Win32
		{13C96A71-88FF-4153-BD50-CCBDB12C6EDC}.Release|Win32.Build.0 = Release|Win32
		{A83CE5B7-6A4B-4640-B600-3D31A7D8F739}.Debug|Win32.ActiveCfg = Debug|Win32
		{A83CE5B7-6A4B-4640-B600-3D31A7D8F739}.Release|Win32.ActiveCfg = Release|Win32
		{A83CE5B7-6A4B-4640-B600-3D31A7D8F739}.Release|Win32.Build.0 = Release|Win32
	EndGlobalSection
	GlobalSection(SolutionProperties) = preSolution
		HideSolutionNode = FALSE
	EndGlobalSection
EndGlobal
